
Microsoft Visual Studio Solution File, Format Version 12.00
# Visual Studio Version 16
VisualStudioVersion = 16.0.30907.101
MinimumVisualStudioVersion = 10.0.40219.1
Project("{FAE04EC0-301F-11D3-BF4B-00C04F79EFBC}") = "ClassMetotDemo1", "ClassMetotDemo1\ClassMetotDemo1.csproj", "{3233538F-DFF3-4188-BDCD-D239BC5430FE}"
EndProject
Global
	GlobalSection(SolutionConfigurationPlatforms) = preSolution
		Debug|Any CPU = Debug|Any CPU
		Release|Any CPU = Release|Any CPU
	EndGlobalSection
	GlobalSection(ProjectConfigurationPlatforms) = postSolution
		{3233538F-DFF3-4188-BDCD-D239BC5430FE}.Debug|Any CPU.ActiveCfg = Debug|Any CPU
		{3233538F-DFF3-4188-BDCD-D239BC5430FE}.Debug|Any CPU.Build.0 = Debug|Any CPU
		{3233538F-DFF3-4188-BDCD-D239BC5430FE}.Release|Any CPU.ActiveCfg = Release|Any CPU
		{3233538F-DFF3-4188-BDCD-D239BC5430FE}.Release|Any CPU.Build.0 = Release|Any CPU
	EndGlobalSection
	GlobalSection(SolutionProperties) = preSolution
		HideSolutionNode = FALSE
	EndGlobalSection
	GlobalSection(ExtensibilityGlobals) = postSolution
		SolutionGuid = {83C6516B-F89C-49BB-8177-9B8A8CCE35D9}
	EndGlobalSection
EndGlobal
